PODS:
  - Capacitor (8.3.0):
    - CapacitorCordova
  - CapacitorBrowser (8.0.3):
    - Capacitor
  - CapacitorCordova (8.3.0)
  - CapacitorHaptics (8.0.2):
    - Capacitor
  - PurchasesHybridCommon (18.6.0):
    - RevenueCat (= 5.72.0)
  - RevenueCat (5.72.0)
  - RevenuecatPurchasesCapacitor (13.1.1):
    - Capacitor
    - PurchasesHybridCommon (= 18.6.0)

DEPENDENCIES:
  - "Capacitor (from `../../node_modules/@capacitor/ios`)"
  - "CapacitorBrowser (from `../../node_modules/@capacitor/browser`)"
  - "CapacitorCordova (from `../../node_modules/@capacitor/ios`)"
  - "CapacitorHaptics (from `../../node_modules/@capacitor/haptics`)"
  - "RevenuecatPurchasesCapacitor (from `../../node_modules/@revenuecat/purchases-capacitor`)"

SPEC REPOS:
  trunk:
    - PurchasesHybridCommon
    - RevenueCat

EXTERNAL SOURCES:
  Capacitor:
    :path: "../../node_modules/@capacitor/ios"
  CapacitorBrowser:
    :path: "../../node_modules/@capacitor/browser"
  CapacitorCordova:
    :path: "../../node_modules/@capacitor/ios"
  CapacitorHaptics:
    :path: "../../node_modules/@capacitor/haptics"
  RevenuecatPurchasesCapacitor:
    :path: "../../node_modules/@revenuecat/purchases-capacitor"

SPEC CHECKSUMS:
  Capacitor: 22e541237135648c9aa736232bb4d2eec35fddcb
  CapacitorBrowser: c987c73d09d8bd3b5ec13f06338b1e14d5d2be69
  CapacitorCordova: 2e1e2bb93b2f365309dc4ff18b72b9a69a7814a9
  CapacitorHaptics: 296f771ecd89c7a1bd92a7b6826a7d268e2e70f5
  PurchasesHybridCommon: 89a3ddba365c20457a4712bc3d6377b0ea3c9b4f
  RevenueCat: 136390ad99039cdd692156af5e479293ae83b2a9
  RevenuecatPurchasesCapacitor: 006d88975222cc477532cb1d87da4006a139fa92

PODFILE CHECKSUM: eae37cc857989e3e7d6f7d560163ca881db2942f

COCOAPODS: 1.16.2
